apiVersion: concord.dev/v1
control_packs:
- artifact: ghcr.io/concord-dev/concord-controlpack-gdpr
  digest: sha256:2ddf52353081448c22c556368de1134847991b67cc525fa44d2e6eeb1ceca8d9
  framework: gdpr
  installed_at: "2026-06-05T11:29:50Z"
  signer: https://github.com/concord-dev/concord-controlpack-gdpr/.github/workflows/release.yml@refs/tags/v0.1.0
  version: v0.1.0
kind: Lock
updated_at: "2026-06-05T11:29:50.592010764Z"
