apiVersion: concord.dev/v1
kind: Lock
plugins:
- artifact: ghcr.io/concord-dev/concord-plugin-hello
  digest: sha256:34584af87fbe33eaf9675be27efaee269f939a56a66a33751c0773a49d66cfec
  installed_at: "2026-06-05T11:07:07Z"
  platform: linux/amd64
  signer: https://github.com/concord-dev/concord-plugin-hello/.github/workflows/release.yml@refs/tags/v0.1.0
  source: hello
  version: v0.1.0
- artifact: ghcr.io/concord-dev/concord-plugin-snyk
  digest: sha256:4ca0e1cd3d5f0bad639e1b6b2581845ddb3bd5b53e8ff4c8c40268bd1db729d4
  installed_at: "2026-06-05T11:06:53Z"
  platform: linux/amd64
  signer: https://github.com/concord-dev/concord-plugin-snyk/.github/workflows/release.yml@refs/tags/v0.1.0
  source: snyk
  version: v0.1.0
updated_at: "2026-06-05T11:07:07.065405514Z"
